
Microsoft Visual Studio Solution File, Format Version 12.00
# Visual Studio Version 17
VisualStudioVersion = 17.14.36221.1 d17.14
MinimumVisualStudioVersion = 10.0.40219.1
Project("{2150E333-8FDC-42A3-9474-1A3956D46DE8}") = "src", "src", "{02EA681E-C7D8-13C7-8484-4AC65E1B71E8}"
EndProject
Project("{2150E333-8FDC-42A3-9474-1A3956D46DE8}") = "Infraestructure", "Infraestructure", "{D7B654C8-6EC5-4795-9DBF-1FB49A774A2A}"
EndProject
Project("{2150E333-8FDC-42A3-9474-1A3956D46DE8}") = "Core", "Core", "{6223FDE7-0535-4ADB-8CFE-E71EF11CCCBD}"
EndProject
Project("{2150E333-8FDC-42A3-9474-1A3956D46DE8}") = "API", "API", "{5290769E-A75A-43ED-BC33-354A55DEC7EE}"
EndProject
Project("{2150E333-8FDC-42A3-9474-1A3956D46DE8}") = "Clients", "Clients", "{5D84E030-20A6-4591-8E15-5130148BE31C}"
EndProject
Project("{2150E333-8FDC-42A3-9474-1A3956D46DE8}") = "Tests", "Tests", "{B83305E6-881E-4F3D-BEA2-FC738C502098}"
EndProject
Project("{FAE04EC0-301F-11D3-BF4B-00C04F79EFBC}") = "WeFood.Domain", "Core\WeFood.Domain\WeFood.Domain.csproj", "{0583C082-7276-4747-A26E-ADA66D47901A}"
EndProject
Global
	GlobalSection(SolutionConfigurationPlatforms) = preSolution
		Debug|Any CPU = Debug|Any CPU
		Release|Any CPU = Release|Any CPU
	EndGlobalSection
	GlobalSection(ProjectConfigurationPlatforms) = postSolution
		{0583C082-7276-4747-A26E-ADA66D47901A}.Debug|Any CPU.ActiveCfg = Debug|Any CPU
		{0583C082-7276-4747-A26E-ADA66D47901A}.Debug|Any CPU.Build.0 = Debug|Any CPU
		{0583C082-7276-4747-A26E-ADA66D47901A}.Release|Any CPU.ActiveCfg = Release|Any CPU
		{0583C082-7276-4747-A26E-ADA66D47901A}.Release|Any CPU.Build.0 = Release|Any CPU
	EndGlobalSection
	GlobalSection(SolutionProperties) = preSolution
		HideSolutionNode = FALSE
	EndGlobalSection
	GlobalSection(NestedProjects) = preSolution
		{D7B654C8-6EC5-4795-9DBF-1FB49A774A2A} = {02EA681E-C7D8-13C7-8484-4AC65E1B71E8}
		{6223FDE7-0535-4ADB-8CFE-E71EF11CCCBD} = {02EA681E-C7D8-13C7-8484-4AC65E1B71E8}
		{5290769E-A75A-43ED-BC33-354A55DEC7EE} = {02EA681E-C7D8-13C7-8484-4AC65E1B71E8}
		{5D84E030-20A6-4591-8E15-5130148BE31C} = {02EA681E-C7D8-13C7-8484-4AC65E1B71E8}
		{B83305E6-881E-4F3D-BEA2-FC738C502098} = {02EA681E-C7D8-13C7-8484-4AC65E1B71E8}
		{0583C082-7276-4747-A26E-ADA66D47901A} = {6223FDE7-0535-4ADB-8CFE-E71EF11CCCBD}
	EndGlobalSection
	GlobalSection(ExtensibilityGlobals) = postSolution
		SolutionGuid = {5021F4B9-2D09-48C7-920C-272735FA41B0}
	EndGlobalSection
EndGlobal
