<Solution>
  <Folder Name="/src/" />
  <Folder Name="/src/API/" />
  <Folder Name="/src/Clients/" />
  <Folder Name="/src/Core/">
    <Project Path="Core/WeFood.Domain/WeFood.Domain.csproj" />
  </Folder>
  <Folder Name="/src/Infrastructure/">
    <Project Path="Infraestructure/Infraestructure/Infrastructure.csproj" />
  </Folder>
  <Folder Name="/src/Tests/" />
</Solution>
